
Microsoft Visual Studio Solution File, Format Version 12.00
# Visual Studio 15
Project("{FAE04EC0-301F-11D3-BF4B-00C04F79EFBC}") = "Unity.XR.OpenXR", "Unity.XR.OpenXR.csproj", "{112F45C3-558A-F4CC-6340-CFE78070605A}"
EndProject
Project("{FAE04EC0-301F-11D3-BF4B-00C04F79EFBC}") = "Unity.Timeline", "Unity.Timeline.csproj", "{DB7D5AF5-387C-1F5C-A8F7-DC04D4C8EE65}"
EndProject
Project("{FAE04EC0-301F-11D3-BF4B-00C04F79EFBC}") = "Unity.Timeline.Editor", "Unity.Timeline.Editor.csproj", "{41AACD3C-AF0E-17DE-A8B5-4F2DFF68D13D}"
EndProject
Project("{FAE04EC0-301F-11D3-BF4B-00C04F79EFBC}") = "Unity.TextMeshPro.Editor", "Unity.TextMeshPro.Editor.csproj", "{451E614F-A923-4A05-90F0-DDC2F444DCB7}"
EndProject
Project("{FAE04EC0-301F-11D3-BF4B-00C04F79EFBC}") = "Unity.XR.Management", "Unity.XR.Management.csproj", "{87CE16B8-2029-5917-A6BA-A4C27E5730E0}"
EndProject
Project("{FAE04EC0-301F-11D3-BF4B-00C04F79EFBC}") = "Assembly-CSharp", "Assembly-CSharp.csproj", "{4B7F840E-0755-D558-6FF6-D25D2EAEC4B9}"
EndProject
Project("{FAE04EC0-301F-11D3-BF4B-00C04F79EFBC}") = "Unity.VisualScripting.Flow", "Unity.VisualScripting.Flow.csproj", "{143135EB-F181-B685-AE5B-9D6C5FE07005}"
EndProject
Project("{FAE04EC0-301F-11D3-BF4B-00C04F79EFBC}") = "Unity.XR.Interaction.Toolkit", "Unity.XR.Interaction.Toolkit.csproj", "{BB1A8768-EA5B-E3AF-D1F1-11326A29B8DE}"
EndProject
Project("{FAE04EC0-301F-11D3-BF4B-00C04F79EFBC}") = "UnityEditor.UI", "UnityEditor.UI.csproj", "{58E20B38-6DC2-2B25-742A-D5ECF64E4BD9}"
EndProject
Project("{FAE04EC0-301F-11D3-BF4B-00C04F79EFBC}") = "Unity.XR.CoreUtils.Editor", "Unity.XR.CoreUtils.Editor.csproj", "{5D0752F8-2263-D892-4417-0C90A98CED4F}"
EndProject
Project("{FAE04EC0-301F-11D3-BF4B-00C04F79EFBC}") = "Unity.XR.Interaction.Toolkit.Editor", "Unity.XR.Interaction.Toolkit.Editor.csproj", "{FFD6AB55-F010-724F-EDA9-9BE7B8D3BC27}"
EndProject
Project("{FAE04EC0-301F-11D3-BF4B-00C04F79EFBC}") = "Unity.PlasticSCM.Editor", "Unity.PlasticSCM.Editor.csproj", "{44485DF8-D4A0-CA62-450D-4226B099B0F9}"
EndProject
Project("{FAE04EC0-301F-11D3-BF4B-00C04F79EFBC}") = "Unity.InputSystem", "Unity.InputSystem.csproj", "{B875833E-F36B-63A4-AA11-405E362E1C5C}"
EndProject
Project("{FAE04EC0-301F-11D3-BF4B-00C04F79EFBC}") = "Unity.VisualScripting.Core", "Unity.VisualScripting.Core.csproj", "{81EB7011-E133-3D10-23A8-CCB9663C5700}"
EndProject
Project("{FAE04EC0-301F-11D3-BF4B-00C04F79EFBC}") = "Unity.Mathematics", "Unity.Mathematics.csproj", "{A80C2DB7-C5E4-71A9-6C7A-44E226314B07}"
EndProject
Project("{FAE04EC0-301F-11D3-BF4B-00C04F79EFBC}") = "Unity.VisualScripting.Core.Editor", "Unity.VisualScripting.Core.Editor.csproj", "{0765FA0C-05BD-0E97-089A-3067EF66C105}"
EndProject
Project("{FAE04EC0-301F-11D3-BF4B-00C04F79EFBC}") = "Unity.VisualScripting.Flow.Editor", "Unity.VisualScripting.Flow.Editor.csproj", "{D1073A83-1228-D1F9-9A75-B02DC577C0CF}"
EndProject
Project("{FAE04EC0-301F-11D3-BF4B-00C04F79EFBC}") = "UnityEditor.TestRunner", "UnityEditor.TestRunner.csproj", "{5B6D7A9A-32BF-B5B8-53C2-0AA3F133B033}"
EndProject
Project("{FAE04EC0-301F-11D3-BF4B-00C04F79EFBC}") = "Unity.XR.CoreUtils", "Unity.XR.CoreUtils.csproj", "{E31FB3F0-EFF3-8164-A6BE-189A3502E0D3}"
EndProject
Project("{FAE04EC0-301F-11D3-BF4B-00C04F79EFBC}") = "Unity.VisualScripting.SettingsProvider.Editor", "Unity.VisualScripting.SettingsProvider.Editor.csproj", "{2654A12B-1886-9F57-2BE5-3FA104F8B21E}"
EndProject
Project("{FAE04EC0-301F-11D3-BF4B-00C04F79EFBC}") = "UnityEngine.TestRunner", "UnityEngine.TestRunner.csproj", "{202280CE-B64B-01B9-0A30-93F70A7BF633}"
EndProject
Project("{FAE04EC0-301F-11D3-BF4B-00C04F79EFBC}") = "Unity.XR.Oculus", "Unity.XR.Oculus.csproj", "{CDFDF428-6D00-4397-09BE-FDCA959DB894}"
EndProject
Project("{FAE04EC0-301F-11D3-BF4B-00C04F79EFBC}") = "Unity.XR.Management.Editor", "Unity.XR.Management.Editor.csproj", "{40FEC8A5-F8C7-0643-6D8D-E260DA64CED6}"
EndProject
Project("{FAE04EC0-301F-11D3-BF4B-00C04F79EFBC}") = "UnityEngine.UI", "UnityEngine.UI.csproj", "{0BA359D3-8E80-21BE-618B-20AC35C2EC47}"
EndProject
Project("{FAE04EC0-301F-11D3-BF4B-00C04F79EFBC}") = "Unity.VisualStudio.Editor", "Unity.VisualStudio.Editor.csproj", "{A6BF5863-C1C4-97D9-ACF3-37045BE44191}"
EndProject
Project("{FAE04EC0-301F-11D3-BF4B-00C04F79EFBC}") = "Unity.XR.Oculus.Editor", "Unity.XR.Oculus.Editor.csproj", "{FC89B257-6811-2A01-F770-12E7284DCD07}"
EndProject
Project("{FAE04EC0-301F-11D3-BF4B-00C04F79EFBC}") = "Unity.TestTools.CodeCoverage.Editor.OpenCover.Model", "Unity.TestTools.CodeCoverage.Editor.OpenCover.Model.csproj", "{0A457FA7-B35B-EA33-01C9-2E0A31588296}"
EndProject
Project("{FAE04EC0-301F-11D3-BF4B-00C04F79EFBC}") = "Unity.Rider.Editor", "Unity.Rider.Editor.csproj", "{6EEFBC66-C4C4-C28A-45EC-C3152337C5E5}"
EndProject
Project("{FAE04EC0-301F-11D3-BF4B-00C04F79EFBC}") = "Unity.XR.OpenXR.Editor", "Unity.XR.OpenXR.Editor.csproj", "{925752B7-B6B9-AA1F-0D09-6A7B2926C2C2}"
EndProject
Project("{FAE04EC0-301F-11D3-BF4B-00C04F79EFBC}") = "Unity.VisualScripting.State.Editor", "Unity.VisualScripting.State.Editor.csproj", "{B3A25CAF-A389-B1C5-751E-B36A6EE99133}"
EndProject
Project("{FAE04EC0-301F-11D3-BF4B-00C04F79EFBC}") = "UnityEditor.XR.LegacyInputHelpers", "UnityEditor.XR.LegacyInputHelpers.csproj", "{484793FE-8B36-C919-5AF9-0C699CD8AFFF}"
EndProject
Project("{FAE04EC0-301F-11D3-BF4B-00C04F79EFBC}") = "Unity.TestTools.CodeCoverage.Editor", "Unity.TestTools.CodeCoverage.Editor.csproj", "{D9BF59AF-85DB-E046-59B5-F6757EF2894F}"
EndProject
Project("{FAE04EC0-301F-11D3-BF4B-00C04F79EFBC}") = "Unity.VisualScripting.State", "Unity.VisualScripting.State.csproj", "{80E4BC24-3F43-9944-B73D-FD7DC0B36516}"
EndProject
Project("{FAE04EC0-301F-11D3-BF4B-00C04F79EFBC}") = "Unity.TextMeshPro", "Unity.TextMeshPro.csproj", "{6317C084-5ABB-71FB-F69D-E0118D8D5459}"
EndProject
Project("{FAE04EC0-301F-11D3-BF4B-00C04F79EFBC}") = "Unity.Performance.Profile-Analyzer.Editor", "Unity.Performance.Profile-Analyzer.Editor.csproj", "{4BEBA247-1A94-6A57-722D-E8B99D4C5AF3}"
EndProject
Project("{FAE04EC0-301F-11D3-BF4B-00C04F79EFBC}") = "Unity.XR.OpenXR.Features.MockRuntime", "Unity.XR.OpenXR.Features.MockRuntime.csproj", "{DA15DCE5-4586-AAF2-38C1-4925F747AEAE}"
EndProject
Project("{FAE04EC0-301F-11D3-BF4B-00C04F79EFBC}") = "Unity.VSCode.Editor", "Unity.VSCode.Editor.csproj", "{6628524A-8186-0B91-665A-5CEA9758372B}"
EndProject
Project("{FAE04EC0-301F-11D3-BF4B-00C04F79EFBC}") = "Unity.XR.MockHMD", "Unity.XR.MockHMD.csproj", "{0701E05D-D285-A366-BE5F-8A8D0E4529B4}"
EndProject
Project("{FAE04EC0-301F-11D3-BF4B-00C04F79EFBC}") = "Unity.TestTools.CodeCoverage.Editor.OpenCover.Mono.Reflection", "Unity.TestTools.CodeCoverage.Editor.OpenCover.Mono.Reflection.csproj", "{CA831C74-ABA8-B5FE-9B85-657C70F13B33}"
EndProject
Project("{FAE04EC0-301F-11D3-BF4B-00C04F79EFBC}") = "UnityEditor.SpatialTracking", "UnityEditor.SpatialTracking.csproj", "{18479766-9A53-307D-ECCC-9E275A6B0D4D}"
EndProject
Project("{FAE04EC0-301F-11D3-BF4B-00C04F79EFBC}") = "Unity.Settings.Editor", "Unity.Settings.Editor.csproj", "{2D0C1C46-5462-DFEC-142D-590BCA4882C1}"
EndProject
Project("{FAE04EC0-301F-11D3-BF4B-00C04F79EFBC}") = "Unity.XR.OpenXR.Features.RuntimeDebugger", "Unity.XR.OpenXR.Features.RuntimeDebugger.csproj", "{56189780-EE05-AD6D-3453-99A930F5E769}"
EndProject
Project("{FAE04EC0-301F-11D3-BF4B-00C04F79EFBC}") = "UnityEngine.SpatialTracking", "UnityEngine.SpatialTracking.csproj", "{2F110EDD-3553-2F10-C01D-CC0670925CE6}"
EndProject
Project("{FAE04EC0-301F-11D3-BF4B-00C04F79EFBC}") = "Unity.XR.OpenXR.Features.MetaQuestSupport", "Unity.XR.OpenXR.Features.MetaQuestSupport.csproj", "{D306D0CE-F129-9DF6-0538-B3D8D94148EA}"
EndProject
Project("{FAE04EC0-301F-11D3-BF4B-00C04F79EFBC}") = "Unity.InputSystem.ForUI", "Unity.InputSystem.ForUI.csproj", "{CCF9EBE1-A0FD-BFFD-8808-FEF5D2F508D2}"
EndProject
Project("{FAE04EC0-301F-11D3-BF4B-00C04F79EFBC}") = "Unity.EditorCoroutines.Editor", "Unity.EditorCoroutines.Editor.csproj", "{25B05507-4CD6-8C4D-5141-A9EDC3292A8F}"
EndProject
Project("{FAE04EC0-301F-11D3-BF4B-00C04F79EFBC}") = "Unity.Mathematics.Editor", "Unity.Mathematics.Editor.csproj", "{9F1133EF-BE5A-5BFC-4DF7-719A0FDC1F06}"
EndProject
Project("{FAE04EC0-301F-11D3-BF4B-00C04F79EFBC}") = "Unity.XR.MockHMD.Editor", "Unity.XR.MockHMD.Editor.csproj", "{2EC816F1-F033-8F39-97E6-5A3D79BB6309}"
EndProject
Project("{FAE04EC0-301F-11D3-BF4B-00C04F79EFBC}") = "Unity.InputSystem.TestFramework", "Unity.InputSystem.TestFramework.csproj", "{7910CD39-9559-A745-9BDA-156EF17B010A}"
EndProject
Project("{FAE04EC0-301F-11D3-BF4B-00C04F79EFBC}") = "Unity.XR.OpenXR.Features.MetaQuestSupport.Editor", "Unity.XR.OpenXR.Features.MetaQuestSupport.Editor.csproj", "{3080F3A0-B3F4-F489-D490-E17676354C43}"
EndProject
Project("{FAE04EC0-301F-11D3-BF4B-00C04F79EFBC}") = "UnityEngine.XR.LegacyInputHelpers", "UnityEngine.XR.LegacyInputHelpers.csproj", "{79ECCC12-BF11-F336-1E3B-8530DC3506A9}"
EndProject
Project("{FAE04EC0-301F-11D3-BF4B-00C04F79EFBC}") = "Unity.XR.OpenXR.Features.OculusQuestSupport.Editor", "Unity.XR.OpenXR.Features.OculusQuestSupport.Editor.csproj", "{5CA63CBA-4CD8-FC42-31CF-9078CEB58C51}"
EndProject
Project("{FAE04EC0-301F-11D3-BF4B-00C04F79EFBC}") = "Unity.XR.OpenXR.Features.RuntimeDebugger.Editor", "Unity.XR.OpenXR.Features.RuntimeDebugger.Editor.csproj", "{46FB9B11-F174-70D2-AD10-4D194FF253BF}"
EndProject
Project("{FAE04EC0-301F-11D3-BF4B-00C04F79EFBC}") = "Unity.VisualScripting.Shared.Editor", "Unity.VisualScripting.Shared.Editor.csproj", "{4332569B-1A77-2CC7-A826-AC6567AAB133}"
EndProject
Project("{FAE04EC0-301F-11D3-BF4B-00C04F79EFBC}") = "Unity.XR.OpenXR.Features.ConformanceAutomation", "Unity.XR.OpenXR.Features.ConformanceAutomation.csproj", "{BE8D0369-C1CF-1C0A-A315-F5E2CBCBFEB6}"
EndProject
Project("{FAE04EC0-301F-11D3-BF4B-00C04F79EFBC}") = "Unity.CollabProxy.Editor", "Unity.CollabProxy.Editor.csproj", "{5DB89037-4334-911A-0215-E4A47C7543A9}"
EndProject
Project("{FAE04EC0-301F-11D3-BF4B-00C04F79EFBC}") = "Unity.XR.OpenXR.Features.OculusQuestSupport", "Unity.XR.OpenXR.Features.OculusQuestSupport.csproj", "{DBD05C27-07AB-A3D1-43B5-D194681ACF88}"
EndProject
Global
	GlobalSection(SolutionConfigurationPlatforms) = preSolution
		Debug|Any CPU = Debug|Any CPU
		Release|Any CPU = Release|Any CPU
	EndGlobalSection
	GlobalSection(ProjectConfigurationPlatforms) = postSolution
		{112F45C3-558A-F4CC-6340-CFE78070605A}.Debug|Any CPU.ActiveCfg = Debug|Any CPU
		{112F45C3-558A-F4CC-6340-CFE78070605A}.Debug|Any CPU.Build.0 = Debug|Any CPU
		{112F45C3-558A-F4CC-6340-CFE78070605A}.Release|Any CPU.ActiveCfg = Release|Any CPU
		{112F45C3-558A-F4CC-6340-CFE78070605A}.Release|Any CPU.Build.0 = Release|Any CPU
		{DB7D5AF5-387C-1F5C-A8F7-DC04D4C8EE65}.Debug|Any CPU.ActiveCfg = Debug|Any CPU
		{DB7D5AF5-387C-1F5C-A8F7-DC04D4C8EE65}.Debug|Any CPU.Build.0 = Debug|Any CPU
		{DB7D5AF5-387C-1F5C-A8F7-DC04D4C8EE65}.Release|Any CPU.ActiveCfg = Release|Any CPU
		{DB7D5AF5-387C-1F5C-A8F7-DC04D4C8EE65}.Release|Any CPU.Build.0 = Release|Any CPU
		{41AACD3C-AF0E-17DE-A8B5-4F2DFF68D13D}.Debug|Any CPU.ActiveCfg = Debug|Any CPU
		{41AACD3C-AF0E-17DE-A8B5-4F2DFF68D13D}.Debug|Any CPU.Build.0 = Debug|Any CPU
		{41AACD3C-AF0E-17DE-A8B5-4F2DFF68D13D}.Release|Any CPU.ActiveCfg = Release|Any CPU
		{41AACD3C-AF0E-17DE-A8B5-4F2DFF68D13D}.Release|Any CPU.Build.0 = Release|Any CPU
		{451E614F-A923-4A05-90F0-DDC2F444DCB7}.Debug|Any CPU.ActiveCfg = Debug|Any CPU
		{451E614F-A923-4A05-90F0-DDC2F444DCB7}.Debug|Any CPU.Build.0 = Debug|Any CPU
		{451E614F-A923-4A05-90F0-DDC2F444DCB7}.Release|Any CPU.ActiveCfg = Release|Any CPU
		{451E614F-A923-4A05-90F0-DDC2F444DCB7}.Release|Any CPU.Build.0 = Release|Any CPU
		{87CE16B8-2029-5917-A6BA-A4C27E5730E0}.Debug|Any CPU.ActiveCfg = Debug|Any CPU
		{87CE16B8-2029-5917-A6BA-A4C27E5730E0}.Debug|Any CPU.Build.0 = Debug|Any CPU
		{87CE16B8-2029-5917-A6BA-A4C27E5730E0}.Release|Any CPU.ActiveCfg = Release|Any CPU
		{87CE16B8-2029-5917-A6BA-A4C27E5730E0}.Release|Any CPU.Build.0 = Release|Any CPU
		{4B7F840E-0755-D558-6FF6-D25D2EAEC4B9}.Debug|Any CPU.ActiveCfg = Debug|Any CPU
		{4B7F840E-0755-D558-6FF6-D25D2EAEC4B9}.Debug|Any CPU.Build.0 = Debug|Any CPU
		{4B7F840E-0755-D558-6FF6-D25D2EAEC4B9}.Release|Any CPU.ActiveCfg = Release|Any CPU
		{4B7F840E-0755-D558-6FF6-D25D2EAEC4B9}.Release|Any CPU.Build.0 = Release|Any CPU
		{143135EB-F181-B685-AE5B-9D6C5FE07005}.Debug|Any CPU.ActiveCfg = Debug|Any CPU
		{143135EB-F181-B685-AE5B-9D6C5FE07005}.Debug|Any CPU.Build.0 = Debug|Any CPU
		{143135EB-F181-B685-AE5B-9D6C5FE07005}.Release|Any CPU.ActiveCfg = Release|Any CPU
		{143135EB-F181-B685-AE5B-9D6C5FE07005}.Release|Any CPU.Build.0 = Release|Any CPU
		{BB1A8768-EA5B-E3AF-D1F1-11326A29B8DE}.Debug|Any CPU.ActiveCfg = Debug|Any CPU
		{BB1A8768-EA5B-E3AF-D1F1-11326A29B8DE}.Debug|Any CPU.Build.0 = Debug|Any CPU
		{BB1A8768-EA5B-E3AF-D1F1-11326A29B8DE}.Release|Any CPU.ActiveCfg = Release|Any CPU
		{BB1A8768-EA5B-E3AF-D1F1-11326A29B8DE}.Release|Any CPU.Build.0 = Release|Any CPU
		{58E20B38-6DC2-2B25-742A-D5ECF64E4BD9}.Debug|Any CPU.ActiveCfg = Debug|Any CPU
		{58E20B38-6DC2-2B25-742A-D5ECF64E4BD9}.Debug|Any CPU.Build.0 = Debug|Any CPU
		{58E20B38-6DC2-2B25-742A-D5ECF64E4BD9}.Release|Any CPU.ActiveCfg = Release|Any CPU
		{58E20B38-6DC2-2B25-742A-D5ECF64E4BD9}.Release|Any CPU.Build.0 = Release|Any CPU
		{5D0752F8-2263-D892-4417-0C90A98CED4F}.Debug|Any CPU.ActiveCfg = Debug|Any CPU
		{5D0752F8-2263-D892-4417-0C90A98CED4F}.Debug|Any CPU.Build.0 = Debug|Any CPU
		{5D0752F8-2263-D892-4417-0C90A98CED4F}.Release|Any CPU.ActiveCfg = Release|Any CPU
		{5D0752F8-2263-D892-4417-0C90A98CED4F}.Release|Any CPU.Build.0 = Release|Any CPU
		{FFD6AB55-F010-724F-EDA9-9BE7B8D3BC27}.Debug|Any CPU.ActiveCfg = Debug|Any CPU
		{FFD6AB55-F010-724F-EDA9-9BE7B8D3BC27}.Debug|Any CPU.Build.0 = Debug|Any CPU
		{FFD6AB55-F010-724F-EDA9-9BE7B8D3BC27}.Release|Any CPU.ActiveCfg = Release|Any CPU
		{FFD6AB55-F010-724F-EDA9-9BE7B8D3BC27}.Release|Any CPU.Build.0 = Release|Any CPU
		{44485DF8-D4A0-CA62-450D-4226B099B0F9}.Debug|Any CPU.ActiveCfg = Debug|Any CPU
		{44485DF8-D4A0-CA62-450D-4226B099B0F9}.Debug|Any CPU.Build.0 = Debug|Any CPU
		{44485DF8-D4A0-CA62-450D-4226B099B0F9}.Release|Any CPU.ActiveCfg = Release|Any CPU
		{44485DF8-D4A0-CA62-450D-4226B099B0F9}.Release|Any CPU.Build.0 = Release|Any CPU
		{B875833E-F36B-63A4-AA11-405E362E1C5C}.Debug|Any CPU.ActiveCfg = Debug|Any CPU
		{B875833E-F36B-63A4-AA11-405E362E1C5C}.Debug|Any CPU.Build.0 = Debug|Any CPU
		{B875833E-F36B-63A4-AA11-405E362E1C5C}.Release|Any CPU.ActiveCfg = Release|Any CPU
		{B875833E-F36B-63A4-AA11-405E362E1C5C}.Release|Any CPU.Build.0 = Release|Any CPU
		{81EB7011-E133-3D10-23A8-CCB9663C5700}.Debug|Any CPU.ActiveCfg = Debug|Any CPU
		{81EB7011-E133-3D10-23A8-CCB9663C5700}.Debug|Any CPU.Build.0 = Debug|Any CPU
		{81EB7011-E133-3D10-23A8-CCB9663C5700}.Release|Any CPU.ActiveCfg = Release|Any CPU
		{81EB7011-E133-3D10-23A8-CCB9663C5700}.Release|Any CPU.Build.0 = Release|Any CPU
		{A80C2DB7-C5E4-71A9-6C7A-44E226314B07}.Debug|Any CPU.ActiveCfg = Debug|Any CPU
		{A80C2DB7-C5E4-71A9-6C7A-44E226314B07}.Debug|Any CPU.Build.0 = Debug|Any CPU
		{A80C2DB7-C5E4-71A9-6C7A-44E226314B07}.Release|Any CPU.ActiveCfg = Release|Any CPU
		{A80C2DB7-C5E4-71A9-6C7A-44E226314B07}.Release|Any CPU.Build.0 = Release|Any CPU
		{0765FA0C-05BD-0E97-089A-3067EF66C105}.Debug|Any CPU.ActiveCfg = Debug|Any CPU
		{0765FA0C-05BD-0E97-089A-3067EF66C105}.Debug|Any CPU.Build.0 = Debug|Any CPU
		{0765FA0C-05BD-0E97-089A-3067EF66C105}.Release|Any CPU.ActiveCfg = Release|Any CPU
		{0765FA0C-05BD-0E97-089A-3067EF66C105}.Release|Any CPU.Build.0 = Release|Any CPU
		{D1073A83-1228-D1F9-9A75-B02DC577C0CF}.Debug|Any CPU.ActiveCfg = Debug|Any CPU
		{D1073A83-1228-D1F9-9A75-B02DC577C0CF}.Debug|Any CPU.Build.0 = Debug|Any CPU
		{D1073A83-1228-D1F9-9A75-B02DC577C0CF}.Release|Any CPU.ActiveCfg = Release|Any CPU
		{D1073A83-1228-D1F9-9A75-B02DC577C0CF}.Release|Any CPU.Build.0 = Release|Any CPU
		{5B6D7A9A-32BF-B5B8-53C2-0AA3F133B033}.Debug|Any CPU.ActiveCfg = Debug|Any CPU
		{5B6D7A9A-32BF-B5B8-53C2-0AA3F133B033}.Debug|Any CPU.Build.0 = Debug|Any CPU
		{5B6D7A9A-32BF-B5B8-53C2-0AA3F133B033}.Release|Any CPU.ActiveCfg = Release|Any CPU
		{5B6D7A9A-32BF-B5B8-53C2-0AA3F133B033}.Release|Any CPU.Build.0 = Release|Any CPU
		{E31FB3F0-EFF3-8164-A6BE-189A3502E0D3}.Debug|Any CPU.ActiveCfg = Debug|Any CPU
		{E31FB3F0-EFF3-8164-A6BE-189A3502E0D3}.Debug|Any CPU.Build.0 = Debug|Any CPU
		{E31FB3F0-EFF3-8164-A6BE-189A3502E0D3}.Release|Any CPU.ActiveCfg = Release|Any CPU
		{E31FB3F0-EFF3-8164-A6BE-189A3502E0D3}.Release|Any CPU.Build.0 = Release|Any CPU
		{2654A12B-1886-9F57-2BE5-3FA104F8B21E}.Debug|Any CPU.ActiveCfg = Debug|Any CPU
		{2654A12B-1886-9F57-2BE5-3FA104F8B21E}.Debug|Any CPU.Build.0 = Debug|Any CPU
		{2654A12B-1886-9F57-2BE5-3FA104F8B21E}.Release|Any CPU.ActiveCfg = Release|Any CPU
		{2654A12B-1886-9F57-2BE5-3FA104F8B21E}.Release|Any CPU.Build.0 = Release|Any CPU
		{202280CE-B64B-01B9-0A30-93F70A7BF633}.Debug|Any CPU.ActiveCfg = Debug|Any CPU
		{202280CE-B64B-01B9-0A30-93F70A7BF633}.Debug|Any CPU.Build.0 = Debug|Any CPU
		{202280CE-B64B-01B9-0A30-93F70A7BF633}.Release|Any CPU.ActiveCfg = Release|Any CPU
		{202280CE-B64B-01B9-0A30-93F70A7BF633}.Release|Any CPU.Build.0 = Release|Any CPU
		{CDFDF428-6D00-4397-09BE-FDCA959DB894}.Debug|Any CPU.ActiveCfg = Debug|Any CPU
		{CDFDF428-6D00-4397-09BE-FDCA959DB894}.Debug|Any CPU.Build.0 = Debug|Any CPU
		{CDFDF428-6D00-4397-09BE-FDCA959DB894}.Release|Any CPU.ActiveCfg = Release|Any CPU
		{CDFDF428-6D00-4397-09BE-FDCA959DB894}.Release|Any CPU.Build.0 = Release|Any CPU
		{40FEC8A5-F8C7-0643-6D8D-E260DA64CED6}.Debug|Any CPU.ActiveCfg = Debug|Any CPU
		{40FEC8A5-F8C7-0643-6D8D-E260DA64CED6}.Debug|Any CPU.Build.0 = Debug|Any CPU
		{40FEC8A5-F8C7-0643-6D8D-E260DA64CED6}.Release|Any CPU.ActiveCfg = Release|Any CPU
		{40FEC8A5-F8C7-0643-6D8D-E260DA64CED6}.Release|Any CPU.Build.0 = Release|Any CPU
		{0BA359D3-8E80-21BE-618B-20AC35C2EC47}.Debug|Any CPU.ActiveCfg = Debug|Any CPU
		{0BA359D3-8E80-21BE-618B-20AC35C2EC47}.Debug|Any CPU.Build.0 = Debug|Any CPU
		{0BA359D3-8E80-21BE-618B-20AC35C2EC47}.Release|Any CPU.ActiveCfg = Release|Any CPU
		{0BA359D3-8E80-21BE-618B-20AC35C2EC47}.Release|Any CPU.Build.0 = Release|Any CPU
		{A6BF5863-C1C4-97D9-ACF3-37045BE44191}.Debug|Any CPU.ActiveCfg = Debug|Any CPU
		{A6BF5863-C1C4-97D9-ACF3-37045BE44191}.Debug|Any CPU.Build.0 = Debug|Any CPU
		{A6BF5863-C1C4-97D9-ACF3-37045BE44191}.Release|Any CPU.ActiveCfg = Release|Any CPU
		{A6BF5863-C1C4-97D9-ACF3-37045BE44191}.Release|Any CPU.Build.0 = Release|Any CPU
		{FC89B257-6811-2A01-F770-12E7284DCD07}.Debug|Any CPU.ActiveCfg = Debug|Any CPU
		{FC89B257-6811-2A01-F770-12E7284DCD07}.Debug|Any CPU.Build.0 = Debug|Any CPU
		{FC89B257-6811-2A01-F770-12E7284DCD07}.Release|Any CPU.ActiveCfg = Release|Any CPU
		{FC89B257-6811-2A01-F770-12E7284DCD07}.Release|Any CPU.Build.0 = Release|Any CPU
		{0A457FA7-B35B-EA33-01C9-2E0A31588296}.Debug|Any CPU.ActiveCfg = Debug|Any CPU
		{0A457FA7-B35B-EA33-01C9-2E0A31588296}.Debug|Any CPU.Build.0 = Debug|Any CPU
		{0A457FA7-B35B-EA33-01C9-2E0A31588296}.Release|Any CPU.ActiveCfg = Release|Any CPU
		{0A457FA7-B35B-EA33-01C9-2E0A31588296}.Release|Any CPU.Build.0 = Release|Any CPU
		{6EEFBC66-C4C4-C28A-45EC-C3152337C5E5}.Debug|Any CPU.ActiveCfg = Debug|Any CPU
		{6EEFBC66-C4C4-C28A-45EC-C3152337C5E5}.Debug|Any CPU.Build.0 = Debug|Any CPU
		{6EEFBC66-C4C4-C28A-45EC-C3152337C5E5}.Release|Any CPU.ActiveCfg = Release|Any CPU
		{6EEFBC66-C4C4-C28A-45EC-C3152337C5E5}.Release|Any CPU.Build.0 = Release|Any CPU
		{925752B7-B6B9-AA1F-0D09-6A7B2926C2C2}.Debug|Any CPU.ActiveCfg = Debug|Any CPU
		{925752B7-B6B9-AA1F-0D09-6A7B2926C2C2}.Debug|Any CPU.Build.0 = Debug|Any CPU
		{925752B7-B6B9-AA1F-0D09-6A7B2926C2C2}.Release|Any CPU.ActiveCfg = Release|Any CPU
		{925752B7-B6B9-AA1F-0D09-6A7B2926C2C2}.Release|Any CPU.Build.0 = Release|Any CPU
		{B3A25CAF-A389-B1C5-751E-B36A6EE99133}.Debug|Any CPU.ActiveCfg = Debug|Any CPU
		{B3A25CAF-A389-B1C5-751E-B36A6EE99133}.Debug|Any CPU.Build.0 = Debug|Any CPU
		{B3A25CAF-A389-B1C5-751E-B36A6EE99133}.Release|Any CPU.ActiveCfg = Release|Any CPU
		{B3A25CAF-A389-B1C5-751E-B36A6EE99133}.Release|Any CPU.Build.0 = Release|Any CPU
		{484793FE-8B36-C919-5AF9-0C699CD8AFFF}.Debug|Any CPU.ActiveCfg = Debug|Any CPU
		{484793FE-8B36-C919-5AF9-0C699CD8AFFF}.Debug|Any CPU.Build.0 = Debug|Any CPU
		{484793FE-8B36-C919-5AF9-0C699CD8AFFF}.Release|Any CPU.ActiveCfg = Release|Any CPU
		{484793FE-8B36-C919-5AF9-0C699CD8AFFF}.Release|Any CPU.Build.0 = Release|Any CPU
		{D9BF59AF-85DB-E046-59B5-F6757EF2894F}.Debug|Any CPU.ActiveCfg = Debug|Any CPU
		{D9BF59AF-85DB-E046-59B5-F6757EF2894F}.Debug|Any CPU.Build.0 = Debug|Any CPU
		{D9BF59AF-85DB-E046-59B5-F6757EF2894F}.Release|Any CPU.ActiveCfg = Release|Any CPU
		{D9BF59AF-85DB-E046-59B5-F6757EF2894F}.Release|Any CPU.Build.0 = Release|Any CPU
		{80E4BC24-3F43-9944-B73D-FD7DC0B36516}.Debug|Any CPU.ActiveCfg = Debug|Any CPU
		{80E4BC24-3F43-9944-B73D-FD7DC0B36516}.Debug|Any CPU.Build.0 = Debug|Any CPU
		{80E4BC24-3F43-9944-B73D-FD7DC0B36516}.Release|Any CPU.ActiveCfg = Release|Any CPU
		{80E4BC24-3F43-9944-B73D-FD7DC0B36516}.Release|Any CPU.Build.0 = Release|Any CPU
		{6317C084-5ABB-71FB-F69D-E0118D8D5459}.Debug|Any CPU.ActiveCfg = Debug|Any CPU
		{6317C084-5ABB-71FB-F69D-E0118D8D5459}.Debug|Any CPU.Build.0 = Debug|Any CPU
		{6317C084-5ABB-71FB-F69D-E0118D8D5459}.Release|Any CPU.ActiveCfg = Release|Any CPU
		{6317C084-5ABB-71FB-F69D-E0118D8D5459}.Release|Any CPU.Build.0 = Release|Any CPU
		{4BEBA247-1A94-6A57-722D-E8B99D4C5AF3}.Debug|Any CPU.ActiveCfg = Debug|Any CPU
		{4BEBA247-1A94-6A57-722D-E8B99D4C5AF3}.Debug|Any CPU.Build.0 = Debug|Any CPU
		{4BEBA247-1A94-6A57-722D-E8B99D4C5AF3}.Release|Any CPU.ActiveCfg = Release|Any CPU
		{4BEBA247-1A94-6A57-722D-E8B99D4C5AF3}.Release|Any CPU.Build.0 = Release|Any CPU
		{DA15DCE5-4586-AAF2-38C1-4925F747AEAE}.Debug|Any CPU.ActiveCfg = Debug|Any CPU
		{DA15DCE5-4586-AAF2-38C1-4925F747AEAE}.Debug|Any CPU.Build.0 = Debug|Any CPU
		{DA15DCE5-4586-AAF2-38C1-4925F747AEAE}.Release|Any CPU.ActiveCfg = Release|Any CPU
		{DA15DCE5-4586-AAF2-38C1-4925F747AEAE}.Release|Any CPU.Build.0 = Release|Any CPU
		{6628524A-8186-0B91-665A-5CEA9758372B}.Debug|Any CPU.ActiveCfg = Debug|Any CPU
		{6628524A-8186-0B91-665A-5CEA9758372B}.Debug|Any CPU.Build.0 = Debug|Any CPU
		{6628524A-8186-0B91-665A-5CEA9758372B}.Release|Any CPU.ActiveCfg = Release|Any CPU
		{6628524A-8186-0B91-665A-5CEA9758372B}.Release|Any CPU.Build.0 = Release|Any CPU
		{0701E05D-D285-A366-BE5F-8A8D0E4529B4}.Debug|Any CPU.ActiveCfg = Debug|Any CPU
		{0701E05D-D285-A366-BE5F-8A8D0E4529B4}.Debug|Any CPU.Build.0 = Debug|Any CPU
		{0701E05D-D285-A366-BE5F-8A8D0E4529B4}.Release|Any CPU.ActiveCfg = Release|Any CPU
		{0701E05D-D285-A366-BE5F-8A8D0E4529B4}.Release|Any CPU.Build.0 = Release|Any CPU
		{CA831C74-ABA8-B5FE-9B85-657C70F13B33}.Debug|Any CPU.ActiveCfg = Debug|Any CPU
		{CA831C74-ABA8-B5FE-9B85-657C70F13B33}.Debug|Any CPU.Build.0 = Debug|Any CPU
		{CA831C74-ABA8-B5FE-9B85-657C70F13B33}.Release|Any CPU.ActiveCfg = Release|Any CPU
		{CA831C74-ABA8-B5FE-9B85-657C70F13B33}.Release|Any CPU.Build.0 = Release|Any CPU
		{18479766-9A53-307D-ECCC-9E275A6B0D4D}.Debug|Any CPU.ActiveCfg = Debug|Any CPU
		{18479766-9A53-307D-ECCC-9E275A6B0D4D}.Debug|Any CPU.Build.0 = Debug|Any CPU
		{18479766-9A53-307D-ECCC-9E275A6B0D4D}.Release|Any CPU.ActiveCfg = Release|Any CPU
		{18479766-9A53-307D-ECCC-9E275A6B0D4D}.Release|Any CPU.Build.0 = Release|Any CPU
		{2D0C1C46-5462-DFEC-142D-590BCA4882C1}.Debug|Any CPU.ActiveCfg = Debug|Any CPU
		{2D0C1C46-5462-DFEC-142D-590BCA4882C1}.Debug|Any CPU.Build.0 = Debug|Any CPU
		{2D0C1C46-5462-DFEC-142D-590BCA4882C1}.Release|Any CPU.ActiveCfg = Release|Any CPU
		{2D0C1C46-5462-DFEC-142D-590BCA4882C1}.Release|Any CPU.Build.0 = Release|Any CPU
		{56189780-EE05-AD6D-3453-99A930F5E769}.Debug|Any CPU.ActiveCfg = Debug|Any CPU
		{56189780-EE05-AD6D-3453-99A930F5E769}.Debug|Any CPU.Build.0 = Debug|Any CPU
		{56189780-EE05-AD6D-3453-99A930F5E769}.Release|Any CPU.ActiveCfg = Release|Any CPU
		{56189780-EE05-AD6D-3453-99A930F5E769}.Release|Any CPU.Build.0 = Release|Any CPU
		{2F110EDD-3553-2F10-C01D-CC0670925CE6}.Debug|Any CPU.ActiveCfg = Debug|Any CPU
		{2F110EDD-3553-2F10-C01D-CC0670925CE6}.Debug|Any CPU.Build.0 = Debug|Any CPU
		{2F110EDD-3553-2F10-C01D-CC0670925CE6}.Release|Any CPU.ActiveCfg = Release|Any CPU
		{2F110EDD-3553-2F10-C01D-CC0670925CE6}.Release|Any CPU.Build.0 = Release|Any CPU
		{D306D0CE-F129-9DF6-0538-B3D8D94148EA}.Debug|Any CPU.ActiveCfg = Debug|Any CPU
		{D306D0CE-F129-9DF6-0538-B3D8D94148EA}.Debug|Any CPU.Build.0 = Debug|Any CPU
		{D306D0CE-F129-9DF6-0538-B3D8D94148EA}.Release|Any CPU.ActiveCfg = Release|Any CPU
		{D306D0CE-F129-9DF6-0538-B3D8D94148EA}.Release|Any CPU.Build.0 = Release|Any CPU
		{CCF9EBE1-A0FD-BFFD-8808-FEF5D2F508D2}.Debug|Any CPU.ActiveCfg = Debug|Any CPU
		{CCF9EBE1-A0FD-BFFD-8808-FEF5D2F508D2}.Debug|Any CPU.Build.0 = Debug|Any CPU
		{CCF9EBE1-A0FD-BFFD-8808-FEF5D2F508D2}.Release|Any CPU.ActiveCfg = Release|Any CPU
		{CCF9EBE1-A0FD-BFFD-8808-FEF5D2F508D2}.Release|Any CPU.Build.0 = Release|Any CPU
		{25B05507-4CD6-8C4D-5141-A9EDC3292A8F}.Debug|Any CPU.ActiveCfg = Debug|Any CPU
		{25B05507-4CD6-8C4D-5141-A9EDC3292A8F}.Debug|Any CPU.Build.0 = Debug|Any CPU
		{25B05507-4CD6-8C4D-5141-A9EDC3292A8F}.Release|Any CPU.ActiveCfg = Release|Any CPU
		{25B05507-4CD6-8C4D-5141-A9EDC3292A8F}.Release|Any CPU.Build.0 = Release|Any CPU
		{9F1133EF-BE5A-5BFC-4DF7-719A0FDC1F06}.Debug|Any CPU.ActiveCfg = Debug|Any CPU
		{9F1133EF-BE5A-5BFC-4DF7-719A0FDC1F06}.Debug|Any CPU.Build.0 = Debug|Any CPU
		{9F1133EF-BE5A-5BFC-4DF7-719A0FDC1F06}.Release|Any CPU.ActiveCfg = Release|Any CPU
		{9F1133EF-BE5A-5BFC-4DF7-719A0FDC1F06}.Release|Any CPU.Build.0 = Release|Any CPU
		{2EC816F1-F033-8F39-97E6-5A3D79BB6309}.Debug|Any CPU.ActiveCfg = Debug|Any CPU
		{2EC816F1-F033-8F39-97E6-5A3D79BB6309}.Debug|Any CPU.Build.0 = Debug|Any CPU
		{2EC816F1-F033-8F39-97E6-5A3D79BB6309}.Release|Any CPU.ActiveCfg = Release|Any CPU
		{2EC816F1-F033-8F39-97E6-5A3D79BB6309}.Release|Any CPU.Build.0 = Release|Any CPU
		{7910CD39-9559-A745-9BDA-156EF17B010A}.Debug|Any CPU.ActiveCfg = Debug|Any CPU
		{7910CD39-9559-A745-9BDA-156EF17B010A}.Debug|Any CPU.Build.0 = Debug|Any CPU
		{7910CD39-9559-A745-9BDA-156EF17B010A}.Release|Any CPU.ActiveCfg = Release|Any CPU
		{7910CD39-9559-A745-9BDA-156EF17B010A}.Release|Any CPU.Build.0 = Release|Any CPU
		{3080F3A0-B3F4-F489-D490-E17676354C43}.Debug|Any CPU.ActiveCfg = Debug|Any CPU
		{3080F3A0-B3F4-F489-D490-E17676354C43}.Debug|Any CPU.Build.0 = Debug|Any CPU
		{3080F3A0-B3F4-F489-D490-E17676354C43}.Release|Any CPU.ActiveCfg = Release|Any CPU
		{3080F3A0-B3F4-F489-D490-E17676354C43}.Release|Any CPU.Build.0 = Release|Any CPU
		{79ECCC12-BF11-F336-1E3B-8530DC3506A9}.Debug|Any CPU.ActiveCfg = Debug|Any CPU
		{79ECCC12-BF11-F336-1E3B-8530DC3506A9}.Debug|Any CPU.Build.0 = Debug|Any CPU
		{79ECCC12-BF11-F336-1E3B-8530DC3506A9}.Release|Any CPU.ActiveCfg = Release|Any CPU
		{79ECCC12-BF11-F336-1E3B-8530DC3506A9}.Release|Any CPU.Build.0 = Release|Any CPU
		{5CA63CBA-4CD8-FC42-31CF-9078CEB58C51}.Debug|Any CPU.ActiveCfg = Debug|Any CPU
		{5CA63CBA-4CD8-FC42-31CF-9078CEB58C51}.Debug|Any CPU.Build.0 = Debug|Any CPU
		{5CA63CBA-4CD8-FC42-31CF-9078CEB58C51}.Release|Any CPU.ActiveCfg = Release|Any CPU
		{5CA63CBA-4CD8-FC42-31CF-9078CEB58C51}.Release|Any CPU.Build.0 = Release|Any CPU
		{46FB9B11-F174-70D2-AD10-4D194FF253BF}.Debug|Any CPU.ActiveCfg = Debug|Any CPU
		{46FB9B11-F174-70D2-AD10-4D194FF253BF}.Debug|Any CPU.Build.0 = Debug|Any CPU
		{46FB9B11-F174-70D2-AD10-4D194FF253BF}.Release|Any CPU.ActiveCfg = Release|Any CPU
		{46FB9B11-F174-70D2-AD10-4D194FF253BF}.Release|Any CPU.Build.0 = Release|Any CPU
		{4332569B-1A77-2CC7-A826-AC6567AAB133}.Debug|Any CPU.ActiveCfg = Debug|Any CPU
		{4332569B-1A77-2CC7-A826-AC6567AAB133}.Debug|Any CPU.Build.0 = Debug|Any CPU
		{4332569B-1A77-2CC7-A826-AC6567AAB133}.Release|Any CPU.ActiveCfg = Release|Any CPU
		{4332569B-1A77-2CC7-A826-AC6567AAB133}.Release|Any CPU.Build.0 = Release|Any CPU
		{BE8D0369-C1CF-1C0A-A315-F5E2CBCBFEB6}.Debug|Any CPU.ActiveCfg = Debug|Any CPU
		{BE8D0369-C1CF-1C0A-A315-F5E2CBCBFEB6}.Debug|Any CPU.Build.0 = Debug|Any CPU
		{BE8D0369-C1CF-1C0A-A315-F5E2CBCBFEB6}.Release|Any CPU.ActiveCfg = Release|Any CPU
		{BE8D0369-C1CF-1C0A-A315-F5E2CBCBFEB6}.Release|Any CPU.Build.0 = Release|Any CPU
		{5DB89037-4334-911A-0215-E4A47C7543A9}.Debug|Any CPU.ActiveCfg = Debug|Any CPU
		{5DB89037-4334-911A-0215-E4A47C7543A9}.Debug|Any CPU.Build.0 = Debug|Any CPU
		{5DB89037-4334-911A-0215-E4A47C7543A9}.Release|Any CPU.ActiveCfg = Release|Any CPU
		{5DB89037-4334-911A-0215-E4A47C7543A9}.Release|Any CPU.Build.0 = Release|Any CPU
		{DBD05C27-07AB-A3D1-43B5-D194681ACF88}.Debug|Any CPU.ActiveCfg = Debug|Any CPU
		{DBD05C27-07AB-A3D1-43B5-D194681ACF88}.Debug|Any CPU.Build.0 = Debug|Any CPU
		{DBD05C27-07AB-A3D1-43B5-D194681ACF88}.Release|Any CPU.ActiveCfg = Release|Any CPU
		{DBD05C27-07AB-A3D1-43B5-D194681ACF88}.Release|Any CPU.Build.0 = Release|Any CPU
	EndGlobalSection
	GlobalSection(SolutionProperties) = preSolution
		HideSolutionNode = FALSE
	EndGlobalSection
EndGlobal
